{
    "name": "apitable-i18n-generator",
    "lockfileVersion": 2,
    "requires": true,
    "packages": {
        "": {
            "name": "apitable-i18n-generator",
            "workspaces": [
                "packages/*"
            ],
            "engines": {
                "node": "^16.15.0"
            }
        },
        "node_modules/@apitable/i18n": {
            "resolved": "packages/sdk",
            "link": true
        },
        "node_modules/@apitable/i18n-generator": {
            "resolved": "packages/generator",
            "link": true
        },
        "node_modules/lodash": {
            "version": "4.17.21",
            "resolved": "https://mirrors.cloud.tencent.com/npm/lodash/-/lodash-4.17.21.tgz",
            "integrity": "sha512-v2kDEe57lecTulaDIuNTPy3Ry4gLGJ6Z1O3vE1krgXZNrsQ+LFTGHVxVjcXPs17LhbZVGedAJv8XZ1tvj5FvSg==",
            "license": "MIT"
        },
        "packages/generator": {
            "name": "@apitable/i18n-generator",
            "version": "1.0.0",
            "license": "ISC"
        },
        "packages/sdk": {
            "name": "@apitable/i18n",
            "version": "1.0.0",
            "license": "MIT",
            "dependencies": {
                "lodash": "^4.17.21"
            }
        }
    },
    "dependencies": {
        "@apitable/i18n": {
            "version": "file:packages/sdk",
            "requires": {
                "lodash": "*"
            }
        },
        "@apitable/i18n-generator": {
            "version": "file:packages/generator"
        },
        "lodash": {
            "version": "4.17.21",
            "resolved": "https://mirrors.cloud.tencent.com/npm/lodash/-/lodash-4.17.21.tgz",
            "integrity": "sha512-v2kDEe57lecTulaDIuNTPy3Ry4gLGJ6Z1O3vE1krgXZNrsQ+LFTGHVxVjcXPs17LhbZVGedAJv8XZ1tvj5FvSg=="
        }
    }
}
